// !$*UTF8*$!
{
	archiveVersion = 1;
	classes = {
	};
	objectVersion = 46;
	objects = {

/* Begin PBXBuildFile section */
		74A570411C49D0890010E9E8 /* AppDelegate.swift in Sources */ = {isa = PBXBuildFile; fileRef = 74A570401C49D0890010E9E8 /* AppDelegate.swift */; };
		74A570431C49D0890010E9E8 /* ViewController.swift in Sources */ = {isa = PBXBuildFile; fileRef = 74A570421C49D0890010E9E8 /* ViewController.swift */; };
		74A570461C49D0890010E9E8 /* Main.storyboard in Resources */ = {isa = PBXBuildFile; fileRef = 74A570441C49D0890010E9E8 /* Main.storyboard */; };
		74A570481C49D0890010E9E8 /* Assets.xcassets in Resources */ = {isa = PBXBuildFile; fileRef = 74A570471C49D0890010E9E8 /* Assets.xcassets */; };
		74A5704B1C49D0890010E9E8 /* LaunchScreen.storyboard in Resources */ = {isa = PBXBuildFile; fileRef = 74A570491C49D0890010E9E8 /* LaunchScreen.storyboard */; };
		74A570561C49D0890010E9E8 /* TipsTests.swift in Sources */ = {isa = PBXBuildFile; fileRef = 74A570551C49D0890010E9E8 /* TipsTests.swift */; };
		74A570611C49D0890010E9E8 /* TipsUITests.swift in Sources */ = {isa = PBXBuildFile; fileRef = 74A570601C49D0890010E9E8 /* TipsUITests.swift */; };
/* End PBXBuildFile section */

/* Begin PBXContainerItemProxy section */
		74A570521C49D0890010E9E8 /* PBXContainerItemProxy */ = {
			isa = PBXContainerItemProxy;
			containerPortal = 74A570351C49D0890010E9E8 /* Project object */;
			proxyType = 1;
			remoteGlobalIDString = 74A5703C1C49D0890010E9E8;
			remoteInfo = Tips;
		};
		74A5705D1C49D0890010E9E8 /* PBXContainerItemProxy */ = {
			isa = PBXContainerItemProxy;
			containerPortal = 74A570351C49D0890010E9E8 /* Project object */;
			proxyType = 1;
			remoteGlobalIDString = 74A5703C1C49D0890010E9E8;
			remoteInfo = Tips;
		};
/* End PBXContainerItemProxy section */

/* Begin PBXFileReference section */
		74A5703D1C49D0890010E9E8 /* Tips.app */ = {isa = PBXFileReference; explicitFileType = wrapper.application; includeInIndex = 0; path = Tips.app; sourceTree = BUILT_PRODUCTS_DIR; };
		74A570401C49D0890010E9E8 /* AppDelegate.swift */ = {isa = PBXFileReference; lastKnownFileType = sourcecode.swift; path = AppDelegate.swift; sourceTree = "<group>"; };
		74A570421C49D0890010E9E8 /* ViewController.swift */ = {isa = PBXFileReference; lastKnownFileType = sourcecode.swift; path = ViewController.swift; sourceTree = "<group>"; };
		74A570451C49D0890010E9E8 /* Base */ = {isa = PBXFileReference; lastKnownFileType = file.storyboard; name = Base; path = Base.lproj/Main.storyboard; sourceTree = "<group>"; };
		74A570471C49D0890010E9E8 /* Assets.xcassets */ = {isa = PBXFileReference; lastKnownFileType = folder.assetcatalog; path = Assets.xcassets; sourceTree = "<group>"; };
		74A5704A1C49D0890010E9E8 /* Base */ = {isa = PBXFileReference; lastKnownFileType = file.storyboard; name = Base; path = Base.lproj/LaunchScreen.storyboard; sourceTree = "<group>"; };
		74A5704C1C49D0890010E9E8 /* Info.plist */ = {isa = PBXFileReference; lastKnownFileType = text.plist.xml; path = Info.plist; sourceTree = "<group>"; };
		74A570511C49D0890010E9E8 /* TipsTests.xctest */ = {isa = PBXFileReference; explicitFileType = wrapper.cfbundle; includeInIndex = 0; path = TipsTests.xctest; sourceTree = BUILT_PRODUCTS_DIR; };
		74A570551C49D0890010E9E8 /* TipsTests.swift */ = {isa = PBXFileReference; lastKnownFileType = sourcecode.swift; path = TipsTests.swift; sourceTree = "<group>"; };
		74A570571C49D0890010E9E8 /* Info.plist */ = {isa = PBXFileReference; lastKnownFileType = text.plist.xml; path = Info.plist; sourceTree = "<group>"; };
		74A5705C1C49D0890010E9E8 /* TipsUITests.xctest */ = {isa = PBXFileReference; explicitFileType = wrapper.cfbundle; includeInIndex = 0; path = TipsUITests.xctest; sourceTree = BUILT_PRODUCTS_DIR; };
		74A570601C49D0890010E9E8 /* TipsUITests.swift */ = {isa = PBXFileReference; lastKnownFileType = sourcecode.swift; path = TipsUITests.swift; sourceTree = "<group>"; };
		74A570621C49D0890010E9E8 /* Info.plist */ = {isa = PBXFileReference; lastKnownFileType = text.plist.xml; path = Info.plist; sourceTree = "<group>"; };
/* End PBXFileReference section */

/* Begin PBXFrameworksBuildPhase section */
		74A5703A1C49D0890010E9E8 /* Frameworks */ = {
			isa = PBXFrameworksBuildPhase;
			buildActionMask = 2147483647;
			files = (
			);
			runOnlyForDeploymentPostprocessing = 0;
		};
		74A5704E1C49D0890010E9E8 /* Frameworks */ = {
			isa = PBXFrameworksBuildPhase;
			buildActionMask = 2147483647;
			files = (
			);
			runOnlyForDeploymentPostprocessing = 0;
		};
		74A570591C49D0890010E9E8 /* Frameworks */ = {
			isa = PBXFrameworksBuildPhase;
			buildActionMask = 2147483647;
			files = (
			);
			runOnlyForDeploymentPostprocessing = 0;
		};
/* End PBXFrameworksBuildPhase section */

/* Begin PBXGroup section */
		74A570341C49D0890010E9E8 = {
			isa = PBXGroup;
			children = (
				74A5703F1C49D0890010E9E8 /* Tips */,
				74A570541C49D0890010E9E8 /* TipsTests */,
				74A5705F1C49D0890010E9E8 /* TipsUITests */,
				74A5703E1C49D0890010E9E8 /* Products */,
			);
			sourceTree = "<group>";
		};
		74A5703E1C49D0890010E9E8 /* Products */ = {
			isa = PBXGroup;
			children = (
				74A5703D1C49D0890010E9E8 /* Tips.app */,
				74A570511C49D0890010E9E8 /* TipsTests.xctest */,
				74A5705C1C49D0890010E9E8 /* TipsUITests.xctest */,
			);
			name = Products;
			sourceTree = "<group>";
		};
		74A5703F1C49D0890010E9E8 /* Tips */ = {
			isa = PBXGroup;
			children = (
				74A570401C49D0890010E9E8 /* AppDelegate.swift */,
				74A570421C49D0890010E9E8 /* ViewController.swift */,
				74A570441C49D0890010E9E8 /* Main.storyboard */,
				74A570471C49D0890010E9E8 /* Assets.xcassets */,
				74A570491C49D0890010E9E8 /* LaunchScreen.storyboard */,
				74A5704C1C49D0890010E9E8 /* Info.plist */,
			);
			path = Tips;
			sourceTree = "<group>";
		};
		74A570541C49D0890010E9E8 /* TipsTests */ = {
			isa = PBXGroup;
			children = (
				74A570551C49D0890010E9E8 /* TipsTests.swift */,
				74A570571C49D0890010E9E8 /* Info.plist */,
			);
			path = TipsTests;
			sourceTree = "<group>";
		};
		74A5705F1C49D0890010E9E8 /* TipsUITests */ = {
			isa = PBXGroup;
			children = (
				74A570601C49D0890010E9E8 /* TipsUITests.swift */,
				74A570621C49D0890010E9E8 /* Info.plist */,
			);
			path = TipsUITests;
			sourceTree = "<group>";
		};
/* End PBXGroup section */

/* Begin PBXNativeTarget section */
		74A5703C1C49D0890010E9E8 /* Tips */ = {
			isa = PBXNativeTarget;
			buildConfigurationList = 74A570651C49D0890010E9E8 /* Build configuration list for PBXNativeTarget "Tips" */;
			buildPhases = (
				74A570391C49D0890010E9E8 /* Sources */,
				74A5703A1C49D0890010E9E8 /* Frameworks */,
				74A5703B1C49D0890010E9E8 /* Resources */,
			);
			buildRules = (
			);
			dependencies = (
			);
			name = Tips;
			productName = Tips;
			productReference = 74A5703D1C49D0890010E9E8 /* Tips.app */;
			productType = "com.apple.product-type.application";
		};
		74A570501C49D0890010E9E8 /* TipsTests */ = {
			isa = PBXNativeTarget;
			buildConfigurationList = 74A570681C49D0890010E9E8 /* Build configuration list for PBXNativeTarget "TipsTests" */;
			buildPhases = (
				74A5704D1C49D0890010E9E8 /* Sources */,
				74A5704E1C49D0890010E9E8 /* Frameworks */,
				74A5704F1C49D0890010E9E8 /* Resources */,
			);
			buildRules = (
			);
			dependencies = (
				74A570531C49D0890010E9E8 /* PBXTargetDependency */,
			);
			name = TipsTests;
			productName = TipsTests;
			productReference = 74A570511C49D0890010E9E8 /* TipsTests.xctest */;
			productType = "com.apple.product-type.bundle.unit-test";
		};
		74A5705B1C49D0890010E9E8 /* TipsUITests */ = {
			isa = PBXNativeTarget;
			buildConfigurationList = 74A5706B1C49D0890010E9E8 /* Build configuration list for PBXNativeTarget "TipsUITests" */;
			buildPhases = (
				74A570581C49D0890010E9E8 /* Sources */,
				74A570591C49D0890010E9E8 /* Frameworks */,
				74A5705A1C49D0890010E9E8 /* Resources */,
			);
			buildRules = (
			);
			dependencies = (
				74A5705E1C49D0890010E9E8 /* PBXTargetDependency */,
			);
			name = TipsUITests;
			productName = TipsUITests;
			productReference = 74A5705C1C49D0890010E9E8 /* TipsUITests.xctest */;
			productType = "com.apple.product-type.bundle.ui-testing";
		};
/* End PBXNativeTarget section */

/* Begin PBXProject section */
		74A570351C49D0890010E9E8 /* Project object */ = {
			isa = PBXProject;
			attributes = {
				LastSwiftUpdateCheck = 0720;
				LastUpgradeCheck = 0720;
				ORGANIZATIONNAME = "Daniel Kim";
				TargetAttributes = {
					74A5703C1C49D0890010E9E8 = {
						CreatedOnToolsVersion = 7.2;
						DevelopmentTeam = 8KV5D6GMFZ;
					};
					74A570501C49D0890010E9E8 = {
						CreatedOnToolsVersion = 7.2;
						TestTargetID = 74A5703C1C49D0890010E9E8;
					};
					74A5705B1C49D0890010E9E8 = {
						CreatedOnToolsVersion = 7.2;
						TestTargetID = 74A5703C1C49D0890010E9E8;
					};
				};
			};
			buildConfigurationList = 74A570381C49D0890010E9E8 /* Build configuration list for PBXProject "Tips" */;
			compatibilityVersion = "Xcode 3.2";
			developmentRegion = English;
			hasScannedForEncodings = 0;
			knownRegions = (
				en,
				Base,
			);
			mainGroup = 74A570341C49D0890010E9E8;
			productRefGroup = 74A5703E1C49D0890010E9E8 /* Products */;
			projectDirPath = "";
			projectRoot = "";
			targets = (
				74A5703C1C49D0890010E9E8 /* Tips */,
				74A570501C49D0890010E9E8 /* TipsTests */,
				74A5705B1C49D0890010E9E8 /* TipsUITests */,
			);
		};
/* End PBXProject section */

/* Begin PBXResourcesBuildPhase section */
		74A5703B1C49D0890010E9E8 /* Resources */ = {
			isa = PBXResourcesBuildPhase;
			buildActionMask = 2147483647;
			files = (
				74A5704B1C49D0890010E9E8 /* LaunchScreen.storyboard in Resources */,
				74A570481C49D0890010E9E8 /* Assets.xcassets in Resources */,
				74A570461C49D0890010E9E8 /* Main.storyboard in Resources */,
			);
			runOnlyForDeploymentPostprocessing = 0;
		};
		74A5704F1C49D0890010E9E8 /* Resources */ = {
			isa = PBXResourcesBuildPhase;
			buildActionMask = 2147483647;
			files = (
			);
			runOnlyForDeploymentPostprocessing = 0;
		};
		74A5705A1C49D0890010E9E8 /* Resources */ = {
			isa = PBXResourcesBuildPhase;
			buildActionMask = 2147483647;
			files = (
			);
			runOnlyForDeploymentPostprocessing = 0;
		};
/* End PBXResourcesBuildPhase section */

/* Begin PBXSourcesBuildPhase section */
		74A570391C49D0890010E9E8 /* Sources */ = {
			isa = PBXSourcesBuildPhase;
			buildActionMask = 2147483647;
			files = (
				74A570431C49D0890010E9E8 /* ViewController.swift in Sources */,
				74A570411C49D0890010E9E8 /* AppDelegate.swift in Sources */,
			);
			runOnlyForDeploymentPostprocessing = 0;
		};
		74A5704D1C49D0890010E9E8 /* Sources */ = {
			isa = PBXSourcesBuildPhase;
			buildActionMask = 2147483647;
			files = (
				74A570561C49D0890010E9E8 /* TipsTests.swift in Sources */,
			);
			runOnlyForDeploymentPostprocessing = 0;
		};
		74A570581C49D0890010E9E8 /* Sources */ = {
			isa = PBXSourcesBuildPhase;
			buildActionMask = 2147483647;
			files = (
				74A570611C49D0890010E9E8 /* TipsUITests.swift in Sources */,
			);
			runOnlyForDeploymentPostprocessing = 0;
		};
/* End PBXSourcesBuildPhase section */

/* Begin PBXTargetDependency section */
		74A570531C49D0890010E9E8 /* PBXTargetDependency */ = {
			isa = PBXTargetDependency;
			target = 74A5703C1C49D0890010E9E8 /* Tips */;
			targetProxy = 74A570521C49D0890010E9E8 /* PBXContainerItemProxy */;
		};
		74A5705E1C49D0890010E9E8 /* PBXTargetDependency */ = {
			isa = PBXTargetDependency;
			target = 74A5703C1C49D0890010E9E8 /* Tips */;
			targetProxy = 74A5705D1C49D0890010E9E8 /* PBXContainerItemProxy */;
		};
/* End PBXTargetDependency section */

/* Begin PBXVariantGroup section */
		74A570441C49D0890010E9E8 /* Main.storyboard */ = {
			isa = PBXVariantGroup;
			children = (
				74A570451C49D0890010E9E8 /* Base */,
			);
			name = Main.storyboard;
			sourceTree = "<group>";
		};
		74A570491C49D0890010E9E8 /* LaunchScreen.storyboard */ = {
			isa = PBXVariantGroup;
			children = (
				74A5704A1C49D0890010E9E8 /* Base */,
			);
			name = LaunchScreen.storyboard;
			sourceTree = "<group>";
		};
/* End PBXVariantGroup section */

/* Begin XCBuildConfiguration section */
		74A570631C49D0890010E9E8 /* Debug */ = {
			isa = XCBuildConfiguration;
			buildSettings = {
				ALWAYS_SEARCH_USER_PATHS = NO;
				CLANG_CXX_LANGUAGE_STANDARD = "gnu++0x";
				CLANG_CXX_LIBRARY = "libc++";
				CLANG_ENABLE_MODULES = YES;
				CLANG_ENABLE_OBJC_ARC = YES;
				CLANG_WARN_BOOL_CONVERSION = YES;
				CLANG_WARN_CONSTANT_CONVERSION = YES;
				CLANG_WARN_DIRECT_OBJC_ISA_USAGE = YES_ERROR;
				CLANG_WARN_EMPTY_BODY = YES;
				CLANG_WARN_ENUM_CONVERSION = YES;
				CLANG_WARN_INT_CONVERSION = YES;
				CLANG_WARN_OBJC_ROOT_CLASS = YES_ERROR;
				CLANG_WARN_UNREACHABLE_CODE = YES;
				CLANG_WARN__DUPLICATE_METHOD_MATCH = YES;
				"CODE_SIGN_IDENTITY[sdk=iphoneos*]" = "iPhone Developer";
				COPY_PHASE_STRIP = NO;
				DEBUG_INFORMATION_FORMAT = dwarf;
				ENABLE_STRICT_OBJC_MSGSEND = YES;
				ENABLE_TESTABILITY = YES;
				GCC_C_LANGUAGE_STANDARD = gnu99;
				GCC_DYNAMIC_NO_PIC = NO;
				GCC_NO_COMMON_BLOCKS = YES;
				GCC_OPTIMIZATION_LEVEL = 0;
				GCC_PREPROCESSOR_DEFINITIONS = (
					"DEBUG=1",
					"$(inherited)",
				);
				GCC_WARN_64_TO_32_BIT_CONVERSION = YES;
				GCC_WARN_ABOUT_RETURN_TYPE = YES_ERROR;
				GCC_WARN_UNDECLARED_SELECTOR = YES;
				GCC_WARN_UNINITIALIZED_AUTOS = YES_AGGRESSIVE;
				GCC_WARN_UNUSED_FUNCTION = YES;
				GCC_WARN_UNUSED_VARIABLE = YES;
				IPHONEOS_DEPLOYMENT_TARGET = 9.2;
				MTL_ENABLE_DEBUG_INFO = YES;
				ONLY_ACTIVE_ARCH = YES;
				SDKROOT = iphoneos;
				SWIFT_OPTIMIZATION_LEVEL = "-Onone";
			};
			name = Debug;
		};
		74A570641C49D0890010E9E8 /* Release */ = {
			isa = XCBuildConfiguration;
			buildSettings = {
				ALWAYS_SEARCH_USER_PATHS = NO;
				CLANG_CXX_LANGUAGE_STANDARD = "gnu++0x";
				CLANG_CXX_LIBRARY = "libc++";
				CLANG_ENABLE_MODULES = YES;
				CLANG_ENABLE_OBJC_ARC = YES;
				CLANG_WARN_BOOL_CONVERSION = YES;
				CLANG_WARN_CONSTANT_CONVERSION = YES;
				CLANG_WARN_DIRECT_OBJC_ISA_USAGE = YES_ERROR;
				CLANG_WARN_EMPTY_BODY = YES;
				CLANG_WARN_ENUM_CONVERSION = YES;
				CLANG_WARN_INT_CONVERSION = YES;
				CLANG_WARN_OBJC_ROOT_CLASS = YES_ERROR;
				CLANG_WARN_UNREACHABLE_CODE = YES;
				CLANG_WARN__DUPLICATE_METHOD_MATCH = YES;
				"CODE_SIGN_IDENTITY[sdk=iphoneos*]" = "iPhone Developer";
				COPY_PHASE_STRIP = NO;
				DEBUG_INFORMATION_FORMAT = "dwarf-with-dsym";
				ENABLE_NS_ASSERTIONS = NO;
				ENABLE_STRICT_OBJC_MSGSEND = YES;
				GCC_C_LANGUAGE_STANDARD = gnu99;
				GCC_NO_COMMON_BLOCKS = YES;
				GCC_WARN_64_TO_32_BIT_CONVERSION = YES;
				GCC_WARN_ABOUT_RETURN_TYPE = YES_ERROR;
				GCC_WARN_UNDECLARED_SELECTOR = YES;
				GCC_WARN_UNINITIALIZED_AUTOS = YES_AGGRESSIVE;
				GCC_WARN_UNUSED_FUNCTION = YES;
				GCC_WARN_UNUSED_VARIABLE = YES;
				IPHONEOS_DEPLOYMENT_TARGET = 9.2;
				MTL_ENABLE_DEBUG_INFO = NO;
				SDKROOT = iphoneos;
				VALIDATE_PRODUCT = YES;
			};
			name = Release;
		};
		74A570661C49D0890010E9E8 /* Debug */ = {
			isa = XCBuildConfiguration;
			buildSettings = {
				ASSETCATALOG_COMPILER_APPICON_NAME = AppIcon;
				CODE_SIGN_IDENTITY = "iPhone Developer";
				"CODE_SIGN_IDENTITY[sdk=iphoneos*]" = "iPhone Developer";
				INFOPLIST_FILE = Tips/Info.plist;
				LD_RUNPATH_SEARCH_PATHS = "$(inherited) @executable_path/Frameworks";
				PRODUCT_BUNDLE_IDENTIFIER = com.dkim.Tips;
				PRODUCT_NAME = "$(TARGET_NAME)";
				PROVISIONING_PROFILE = "";
			};
			name = Debug;
		};
		74A570671C49D0890010E9E8 /* Release */ = {
			isa = XCBuildConfiguration;
			buildSettings = {
				ASSETCATALOG_COMPILER_APPICON_NAME = AppIcon;
				CODE_SIGN_IDENTITY = "iPhone Developer";
				"CODE_SIGN_IDENTITY[sdk=iphoneos*]" = "iPhone Developer";
				INFOPLIST_FILE = Tips/Info.plist;
				LD_RUNPATH_SEARCH_PATHS = "$(inherited) @executable_path/Frameworks";
				PRODUCT_BUNDLE_IDENTIFIER = com.dkim.Tips;
				PRODUCT_NAME = "$(TARGET_NAME)";
				PROVISIONING_PROFILE = "";
			};
			name = Release;
		};
		74A570691C49D0890010E9E8 /* Debug */ = {
			isa = XCBuildConfiguration;
			buildSettings = {
				BUNDLE_LOADER = "$(TEST_HOST)";
				INFOPLIST_FILE = TipsTests/Info.plist;
				LD_RUNPATH_SEARCH_PATHS = "$(inherited) @executable_path/Frameworks @loader_path/Frameworks";
				PRODUCT_BUNDLE_IDENTIFIER = com.dkim.TipsTests;
				PRODUCT_NAME = "$(TARGET_NAME)";
				TEST_HOST = "$(BUILT_PRODUCTS_DIR)/Tips.app/Tips";
			};
			name = Debug;
		};
		74A5706A1C49D0890010E9E8 /* Release */ = {
			isa = XCBuildConfiguration;
			buildSettings = {
				BUNDLE_LOADER = "$(TEST_HOST)";
				INFOPLIST_FILE = TipsTests/Info.plist;
				LD_RUNPATH_SEARCH_PATHS = "$(inherited) @executable_path/Frameworks @loader_path/Frameworks";
				PRODUCT_BUNDLE_IDENTIFIER = com.dkim.TipsTests;
				PRODUCT_NAME = "$(TARGET_NAME)";
				TEST_HOST = "$(BUILT_PRODUCTS_DIR)/Tips.app/Tips";
			};
			name = Release;
		};
		74A5706C1C49D0890010E9E8 /* Debug */ = {
			isa = XCBuildConfiguration;
			buildSettings = {
				INFOPLIST_FILE = TipsUITests/Info.plist;
				LD_RUNPATH_SEARCH_PATHS = "$(inherited) @executable_path/Frameworks @loader_path/Frameworks";
				PRODUCT_BUNDLE_IDENTIFIER = com.dkim.TipsUITests;
				PRODUCT_NAME = "$(TARGET_NAME)";
				TEST_TARGET_NAME = Tips;
				USES_XCTRUNNER = YES;
			};
			name = Debug;
		};
		74A5706D1C49D0890010E9E8 /* Release */ = {
			isa = XCBuildConfiguration;
			buildSettings = {
				INFOPLIST_FILE = TipsUITests/Info.plist;
				LD_RUNPATH_SEARCH_PATHS = "$(inherited) @executable_path/Frameworks @loader_path/Frameworks";
				PRODUCT_BUNDLE_IDENTIFIER = com.dkim.TipsUITests;
				PRODUCT_NAME = "$(TARGET_NAME)";
				TEST_TARGET_NAME = Tips;
				USES_XCTRUNNER = YES;
			};
			name = Release;
		};
/* End XCBuildConfiguration section */

/* Begin XCConfigurationList section */
		74A570381C49D0890010E9E8 /* Build configuration list for PBXProject "Tips" */ = {
			isa = XCConfigurationList;
			buildConfigurations = (
				74A570631C49D0890010E9E8 /* Debug */,
				74A570641C49D0890010E9E8 /* Release */,
			);
			defaultConfigurationIsVisible = 0;
			defaultConfigurationName = Release;
		};
		74A570651C49D0890010E9E8 /* Build configuration list for PBXNativeTarget "Tips" */ = {
			isa = XCConfigurationList;
			buildConfigurations = (
				74A570661C49D0890010E9E8 /* Debug */,
				74A570671C49D0890010E9E8 /* Release */,
			);
			defaultConfigurationIsVisible = 0;
		};
		74A570681C49D0890010E9E8 /* Build configuration list for PBXNativeTarget "TipsTests" */ = {
			isa = XCConfigurationList;
			buildConfigurations = (
				74A570691C49D0890010E9E8 /* Debug */,
				74A5706A1C49D0890010E9E8 /* Release */,
			);
			defaultConfigurationIsVisible = 0;
		};
		74A5706B1C49D0890010E9E8 /* Build configuration list for PBXNativeTarget "TipsUITests" */ = {
			isa = XCConfigurationList;
			buildConfigurations = (
				74A5706C1C49D0890010E9E8 /* Debug */,
				74A5706D1C49D0890010E9E8 /* Release */,
			);
			defaultConfigurationIsVisible = 0;
		};
/* End XCConfigurationList section */
	};
	rootObject = 74A570351C49D0890010E9E8 /* Project object */;
}
